
Microsoft Visual Studio Solution File, Format Version 12.00
# Visual Studio 15
VisualStudioVersion = 15.0.28307.1433
MinimumVisualStudioVersion = 10.0.40219.1
Project("{8BC9CEB8-8B4A-11D0-8D11-00A0C91BC942}") = "Project1", "Project1\Project1.vcxproj", "{F6C24EAF-4269-42D1-82CF-DDB41B88E3D5}"
EndProject
Project("{8BC9CEB8-8B4A-11D0-8D11-00A0C91BC942}") = "Project2", "Project2\Project2.vcxproj", "{03B578D4-F8CD-4B21-9B76-FAD3C3E78050}"
EndProject
Project("{8BC9CEB8-8B4A-11D0-8D11-00A0C91BC942}") = "Project3", "Project3\Project3.vcxproj", "{B148A9CB-E2CA-4FD1-AFEE-7E4A32B0820B}"
EndProject
Global
	GlobalSection(SolutionConfigurationPlatforms) = preSolution
		Debug|x64 = Debug|x64
		Debug|x86 = Debug|x86
		Release|x64 = Release|x64
		Release|x86 = Release|x86
	EndGlobalSection
	GlobalSection(ProjectConfigurationPlatforms) = postSolution
		{F6C24EAF-4269-42D1-82CF-DDB41B88E3D5}.Debug|x64.ActiveCfg = Debug|x64
		{F6C24EAF-4269-42D1-82CF-DDB41B88E3D5}.Debug|x64.Build.0 = Debug|x64
		{F6C24EAF-4269-42D1-82CF-DDB41B88E3D5}.Debug|x86.ActiveCfg = Debug|Win32
		{F6C24EAF-4269-42D1-82CF-DDB41B88E3D5}.Debug|x86.Build.0 = Debug|Win32
		{F6C24EAF-4269-42D1-82CF-DDB41B88E3D5}.Release|x64.ActiveCfg = Release|x64
		{F6C24EAF-4269-42D1-82CF-DDB41B88E3D5}.Release|x64.Build.0 = Release|x64
		{F6C24EAF-4269-42D1-82CF-DDB41B88E3D5}.Release|x86.ActiveCfg = Release|Win32
		{F6C24EAF-4269-42D1-82CF-DDB41B88E3D5}.Release|x86.Build.0 = Release|Win32
		{03B578D4-F8CD-4B21-9B76-FAD3C3E78050}.Debug|x64.ActiveCfg = Debug|x64
		{03B578D4-F8CD-4B21-9B76-FAD3C3E78050}.Debug|x64.Build.0 = Debug|x64
		{03B578D4-F8CD-4B21-9B76-FAD3C3E78050}.Debug|x86.ActiveCfg = Debug|Win32
		{03B578D4-F8CD-4B21-9B76-FAD3C3E78050}.Debug|x86.Build.0 = Debug|Win32
		{03B578D4-F8CD-4B21-9B76-FAD3C3E78050}.Release|x64.ActiveCfg = Release|x64
		{03B578D4-F8CD-4B21-9B76-FAD3C3E78050}.Release|x64.Build.0 = Release|x64
		{03B578D4-F8CD-4B21-9B76-FAD3C3E78050}.Release|x86.ActiveCfg = Release|Win32
		{03B578D4-F8CD-4B21-9B76-FAD3C3E78050}.Release|x86.Build.0 = Release|Win32
		{B148A9CB-E2CA-4FD1-AFEE-7E4A32B0820B}.Debug|x64.ActiveCfg = Debug|x64
		{B148A9CB-E2CA-4FD1-AFEE-7E4A32B0820B}.Debug|x64.Build.0 = Debug|x64
		{B148A9CB-E2CA-4FD1-AFEE-7E4A32B0820B}.Debug|x86.ActiveCfg = Debug|Win32
		{B148A9CB-E2CA-4FD1-AFEE-7E4A32B0820B}.Debug|x86.Build.0 = Debug|Win32
		{B148A9CB-E2CA-4FD1-AFEE-7E4A32B0820B}.Release|x64.ActiveCfg = Release|x64
		{B148A9CB-E2CA-4FD1-AFEE-7E4A32B0820B}.Release|x64.Build.0 = Release|x64
		{B148A9CB-E2CA-4FD1-AFEE-7E4A32B0820B}.Release|x86.ActiveCfg = Release|Win32
		{B148A9CB-E2CA-4FD1-AFEE-7E4A32B0820B}.Release|x86.Build.0 = Release|Win32
	EndGlobalSection
	GlobalSection(SolutionProperties) = preSolution
		HideSolutionNode = FALSE
	EndGlobalSection
	GlobalSection(ExtensibilityGlobals) = postSolution
		SolutionGuid = {1F5E8F39-AF5E-4FE5-A3B0-405875A270CB}
	EndGlobalSection
EndGlobal
